
Microsoft Visual Studio Solution File, Format Version 12.00
# Visual Studio Version 17
VisualStudioVersion = 17.14.36202.13 d17.14
MinimumVisualStudioVersion = 10.0.40219.1
Project("{FAE04EC0-301F-11D3-BF4B-00C04F79EFBC}") = "buildapp", "buildapp\buildapp.csproj", "{969EDDA0-8E36-4BB1-8519-B3AFC44A03B0}"
EndProject
Global
	GlobalSection(SolutionConfigurationPlatforms) = preSolution
		Debug|Any CPU = Debug|Any CPU
		Release|Any CPU = Release|Any CPU
	EndGlobalSection
	GlobalSection(ProjectConfigurationPlatforms) = postSolution
		{969EDDA0-8E36-4BB1-8519-B3AFC44A03B0}.Debug|Any CPU.ActiveCfg = Debug|Any CPU
		{969EDDA0-8E36-4BB1-8519-B3AFC44A03B0}.Debug|Any CPU.Build.0 = Debug|Any CPU
		{969EDDA0-8E36-4BB1-8519-B3AFC44A03B0}.Release|Any CPU.ActiveCfg = Release|Any CPU
		{969EDDA0-8E36-4BB1-8519-B3AFC44A03B0}.Release|Any CPU.Build.0 = Release|Any CPU
	EndGlobalSection
	GlobalSection(SolutionProperties) = preSolution
		HideSolutionNode = FALSE
	EndGlobalSection
	GlobalSection(ExtensibilityGlobals) = postSolution
		SolutionGuid = {E8B72652-61C9-4964-8B19-7A66D82C8CE5}
	EndGlobalSection
EndGlobal
